
Microsoft Visual Studio Solution File, Format Version 9.00
# Visual Studio 2005
Project("{8BC9CEB8-8B4A-11D0-8D11-00A0C91BC942}") = "StockFont", "StockFont.vcproj", "{1CAAE0C5-C1DB-4652-AF0B-5EFAE8F56372}"
EndProject
Global
	GlobalSection(SolutionConfigurationPlatforms) = preSolution
		Debug|Win32 = Debug|Win32
		Release|Win32 = Release|Win32
	EndGlobalSection
	GlobalSection(ProjectConfigurationPlatforms) = postSolution
		{1CAAE0C5-C1DB-4652-AF0B-5EFAE8F56372}.Debug|Win32.ActiveCfg = Debug|Win32
		{1CAAE0C5-C1DB-4652-AF0B-5EFAE8F56372}.Debug|Win32.Build.0 = Debug|Win32
		{1CAAE0C5-C1DB-4652-AF0B-5EFAE8F56372}.Release|Win32.ActiveCfg = Release|Win32
		{1CAAE0C5-C1DB-4652-AF0B-5EFAE8F56372}.Release|Win32.Build.0 = Release|Win32
	EndGlobalSection
	GlobalSection(SolutionProperties) = preSolution
		HideSolutionNode = FALSE
	EndGlobalSection
EndGlobal
