
Microsoft Visual Studio Solution File, Format Version 9.00
# Visual Studio 2005
Project("{8BC9CEB8-8B4A-11D0-8D11-00A0C91BC942}") = "UIThread", "UIThread.vcproj", "{7466C064-4A59-4989-8AF0-78FFF4965937}"
EndProject
Global
	GlobalSection(SolutionConfigurationPlatforms) = preSolution
		Debug|Win32 = Debug|Win32
		Release|Win32 = Release|Win32
	EndGlobalSection
	GlobalSection(ProjectConfigurationPlatforms) = postSolution
		{7466C064-4A59-4989-8AF0-78FFF4965937}.Debug|Win32.ActiveCfg = Debug|Win32
		{7466C064-4A59-4989-8AF0-78FFF4965937}.Debug|Win32.Build.0 = Debug|Win32
		{7466C064-4A59-4989-8AF0-78FFF4965937}.Release|Win32.ActiveCfg = Release|Win32
		{7466C064-4A59-4989-8AF0-78FFF4965937}.Release|Win32.Build.0 = Release|Win32
	EndGlobalSection
	GlobalSection(SolutionProperties) = preSolution
		HideSolutionNode = FALSE
	EndGlobalSection
EndGlobal
