
Microsoft Visual Studio Solution File, Format Version 9.00
# Visual Studio 2005
Project("{8BC9CEB8-8B4A-11D0-8D11-00A0C91BC942}") = "Bitmap", "Bitmap.vcproj", "{A5327A42-4565-4968-B790-6E16B01F829F}"
EndProject
Global
	GlobalSection(SolutionConfigurationPlatforms) = preSolution
		Debug|Win32 = Debug|Win32
		Release|Win32 = Release|Win32
	EndGlobalSection
	GlobalSection(ProjectConfigurationPlatforms) = postSolution
		{A5327A42-4565-4968-B790-6E16B01F829F}.Debug|Win32.ActiveCfg = Debug|Win32
		{A5327A42-4565-4968-B790-6E16B01F829F}.Debug|Win32.Build.0 = Debug|Win32
		{A5327A42-4565-4968-B790-6E16B01F829F}.Release|Win32.ActiveCfg = Release|Win32
		{A5327A42-4565-4968-B790-6E16B01F829F}.Release|Win32.Build.0 = Release|Win32
	EndGlobalSection
	GlobalSection(SolutionProperties) = preSolution
		HideSolutionNode = FALSE
	EndGlobalSection
EndGlobal
