
Microsoft Visual Studio Solution File, Format Version 12.00
# Visual Studio Version 17
VisualStudioVersion = 17.13.35931.197 d17.13
MinimumVisualStudioVersion = 10.0.40219.1
Project("{FAE04EC0-301F-11D3-BF4B-00C04F79EFBC}") = "0429_Binding", "0429_Binding\0429_Binding.csproj", "{44F870F9-8C27-4F68-B5F2-D4CD8A59D61D}"
EndProject
Global
	GlobalSection(SolutionConfigurationPlatforms) = preSolution
		Debug|Any CPU = Debug|Any CPU
		Release|Any CPU = Release|Any CPU
	EndGlobalSection
	GlobalSection(ProjectConfigurationPlatforms) = postSolution
		{44F870F9-8C27-4F68-B5F2-D4CD8A59D61D}.Debug|Any CPU.ActiveCfg = Debug|Any CPU
		{44F870F9-8C27-4F68-B5F2-D4CD8A59D61D}.Debug|Any CPU.Build.0 = Debug|Any CPU
		{44F870F9-8C27-4F68-B5F2-D4CD8A59D61D}.Release|Any CPU.ActiveCfg = Release|Any CPU
		{44F870F9-8C27-4F68-B5F2-D4CD8A59D61D}.Release|Any CPU.Build.0 = Release|Any CPU
	EndGlobalSection
	GlobalSection(SolutionProperties) = preSolution
		HideSolutionNode = FALSE
	EndGlobalSection
	GlobalSection(ExtensibilityGlobals) = postSolution
		SolutionGuid = {A5B928FD-A6E4-4FFF-9F20-865842874373}
	EndGlobalSection
EndGlobal
