
Microsoft Visual Studio Solution File, Format Version 9.00
# Visual Studio 2005
Project("{8BC9CEB8-8B4A-11D0-8D11-00A0C91BC942}") = "About", "About.vcproj", "{22723452-1F2F-4A15-A138-C139993EB53D}"
EndProject
Global
	GlobalSection(SolutionConfigurationPlatforms) = preSolution
		Debug|Win32 = Debug|Win32
		Release|Win32 = Release|Win32
	EndGlobalSection
	GlobalSection(ProjectConfigurationPlatforms) = postSolution
		{22723452-1F2F-4A15-A138-C139993EB53D}.Debug|Win32.ActiveCfg = Debug|Win32
		{22723452-1F2F-4A15-A138-C139993EB53D}.Debug|Win32.Build.0 = Debug|Win32
		{22723452-1F2F-4A15-A138-C139993EB53D}.Release|Win32.ActiveCfg = Release|Win32
		{22723452-1F2F-4A15-A138-C139993EB53D}.Release|Win32.Build.0 = Release|Win32
	EndGlobalSection
	GlobalSection(SolutionProperties) = preSolution
		HideSolutionNode = FALSE
	EndGlobalSection
EndGlobal
