
Microsoft Visual Studio Solution File, Format Version 12.00
# Visual Studio Version 17
VisualStudioVersion = 17.13.35919.96 d17.13
MinimumVisualStudioVersion = 10.0.40219.1
Project("{FAE04EC0-301F-11D3-BF4B-00C04F79EFBC}") = "0507_WCFService_1", "0507_WCFService_1\0507_WCFService_1.csproj", "{F4FEB120-A758-47A4-8ED4-5A17A078608F}"
EndProject
Global
	GlobalSection(SolutionConfigurationPlatforms) = preSolution
		Debug|Any CPU = Debug|Any CPU
		Release|Any CPU = Release|Any CPU
	EndGlobalSection
	GlobalSection(ProjectConfigurationPlatforms) = postSolution
		{F4FEB120-A758-47A4-8ED4-5A17A078608F}.Debug|Any CPU.ActiveCfg = Debug|Any CPU
		{F4FEB120-A758-47A4-8ED4-5A17A078608F}.Debug|Any CPU.Build.0 = Debug|Any CPU
		{F4FEB120-A758-47A4-8ED4-5A17A078608F}.Release|Any CPU.ActiveCfg = Release|Any CPU
		{F4FEB120-A758-47A4-8ED4-5A17A078608F}.Release|Any CPU.Build.0 = Release|Any CPU
	EndGlobalSection
	GlobalSection(SolutionProperties) = preSolution
		HideSolutionNode = FALSE
	EndGlobalSection
	GlobalSection(ExtensibilityGlobals) = postSolution
		SolutionGuid = {BA6599BF-1006-4602-BADE-063489AB5DCE}
	EndGlobalSection
EndGlobal
