
Microsoft Visual Studio Solution File, Format Version 9.00
# Visual Studio 2005
Project("{8BC9CEB8-8B4A-11D0-8D11-00A0C91BC942}") = "HTTPDown2", "HTTPDown2.vcproj", "{14CB1CE2-7AB0-4A2A-94BE-7B8CB79639B2}"
EndProject
Global
	GlobalSection(SolutionConfigurationPlatforms) = preSolution
		Debug|Win32 = Debug|Win32
		Release|Win32 = Release|Win32
	EndGlobalSection
	GlobalSection(ProjectConfigurationPlatforms) = postSolution
		{14CB1CE2-7AB0-4A2A-94BE-7B8CB79639B2}.Debug|Win32.ActiveCfg = Debug|Win32
		{14CB1CE2-7AB0-4A2A-94BE-7B8CB79639B2}.Debug|Win32.Build.0 = Debug|Win32
		{14CB1CE2-7AB0-4A2A-94BE-7B8CB79639B2}.Release|Win32.ActiveCfg = Release|Win32
		{14CB1CE2-7AB0-4A2A-94BE-7B8CB79639B2}.Release|Win32.Build.0 = Release|Win32
	EndGlobalSection
	GlobalSection(SolutionProperties) = preSolution
		HideSolutionNode = FALSE
	EndGlobalSection
EndGlobal
