
Microsoft Visual Studio Solution File, Format Version 9.00
# Visual Studio 2005
Project("{8BC9CEB8-8B4A-11D0-8D11-00A0C91BC942}") = "RopMode", "RopMode.vcproj", "{A4688D47-7304-4CBE-A52F-ABEC1B0E0566}"
EndProject
Global
	GlobalSection(SolutionConfigurationPlatforms) = preSolution
		Debug|Win32 = Debug|Win32
		Release|Win32 = Release|Win32
	EndGlobalSection
	GlobalSection(ProjectConfigurationPlatforms) = postSolution
		{A4688D47-7304-4CBE-A52F-ABEC1B0E0566}.Debug|Win32.ActiveCfg = Debug|Win32
		{A4688D47-7304-4CBE-A52F-ABEC1B0E0566}.Debug|Win32.Build.0 = Debug|Win32
		{A4688D47-7304-4CBE-A52F-ABEC1B0E0566}.Release|Win32.ActiveCfg = Release|Win32
		{A4688D47-7304-4CBE-A52F-ABEC1B0E0566}.Release|Win32.Build.0 = Release|Win32
	EndGlobalSection
	GlobalSection(SolutionProperties) = preSolution
		HideSolutionNode = FALSE
	EndGlobalSection
EndGlobal
