
Microsoft Visual Studio Solution File, Format Version 12.00
# Visual Studio Version 17
VisualStudioVersion = 17.13.35919.96 d17.13
MinimumVisualStudioVersion = 10.0.40219.1
Project("{FAE04EC0-301F-11D3-BF4B-00C04F79EFBC}") = "0508_ChatClient", "0508_ChatClient\0508_ChatClient.csproj", "{207938C9-1BF1-43F2-AC16-759DF2C9D554}"
EndProject
Global
	GlobalSection(SolutionConfigurationPlatforms) = preSolution
		Debug|Any CPU = Debug|Any CPU
		Release|Any CPU = Release|Any CPU
	EndGlobalSection
	GlobalSection(ProjectConfigurationPlatforms) = postSolution
		{207938C9-1BF1-43F2-AC16-759DF2C9D554}.Debug|Any CPU.ActiveCfg = Debug|Any CPU
		{207938C9-1BF1-43F2-AC16-759DF2C9D554}.Debug|Any CPU.Build.0 = Debug|Any CPU
		{207938C9-1BF1-43F2-AC16-759DF2C9D554}.Release|Any CPU.ActiveCfg = Release|Any CPU
		{207938C9-1BF1-43F2-AC16-759DF2C9D554}.Release|Any CPU.Build.0 = Release|Any CPU
	EndGlobalSection
	GlobalSection(SolutionProperties) = preSolution
		HideSolutionNode = FALSE
	EndGlobalSection
	GlobalSection(ExtensibilityGlobals) = postSolution
		SolutionGuid = {97E6C434-3D54-4273-8520-6BDEDA41318B}
	EndGlobalSection
EndGlobal
