
Microsoft Visual Studio Solution File, Format Version 9.00
# Visual Studio 2005
Project("{8BC9CEB8-8B4A-11D0-8D11-00A0C91BC942}") = "Sokoban2", "Sokoban2.vcproj", "{790CA3D7-6665-4F0C-ABA4-58D085A6F4E4}"
EndProject
Global
	GlobalSection(SolutionConfigurationPlatforms) = preSolution
		Debug|Win32 = Debug|Win32
		Release|Win32 = Release|Win32
	EndGlobalSection
	GlobalSection(ProjectConfigurationPlatforms) = postSolution
		{790CA3D7-6665-4F0C-ABA4-58D085A6F4E4}.Debug|Win32.ActiveCfg = Debug|Win32
		{790CA3D7-6665-4F0C-ABA4-58D085A6F4E4}.Debug|Win32.Build.0 = Debug|Win32
		{790CA3D7-6665-4F0C-ABA4-58D085A6F4E4}.Release|Win32.ActiveCfg = Release|Win32
		{790CA3D7-6665-4F0C-ABA4-58D085A6F4E4}.Release|Win32.Build.0 = Release|Win32
	EndGlobalSection
	GlobalSection(SolutionProperties) = preSolution
		HideSolutionNode = FALSE
	EndGlobalSection
EndGlobal
