
Microsoft Visual Studio Solution File, Format Version 9.00
# Visual Studio 2005
Project("{8BC9CEB8-8B4A-11D0-8D11-00A0C91BC942}") = "ScrnSave1", "ScrnSave1.vcproj", "{CD7A1C57-E796-4E43-BC1E-01A64D4FAD53}"
EndProject
Global
	GlobalSection(SolutionConfigurationPlatforms) = preSolution
		Debug|Win32 = Debug|Win32
		Release|Win32 = Release|Win32
	EndGlobalSection
	GlobalSection(ProjectConfigurationPlatforms) = postSolution
		{CD7A1C57-E796-4E43-BC1E-01A64D4FAD53}.Debug|Win32.ActiveCfg = Debug|Win32
		{CD7A1C57-E796-4E43-BC1E-01A64D4FAD53}.Debug|Win32.Build.0 = Debug|Win32
		{CD7A1C57-E796-4E43-BC1E-01A64D4FAD53}.Release|Win32.ActiveCfg = Release|Win32
		{CD7A1C57-E796-4E43-BC1E-01A64D4FAD53}.Release|Win32.Build.0 = Release|Win32
	EndGlobalSection
	GlobalSection(SolutionProperties) = preSolution
		HideSolutionNode = FALSE
	EndGlobalSection
EndGlobal
