
Microsoft Visual Studio Solution File, Format Version 12.00
# Visual Studio Version 17
VisualStudioVersion = 17.9.34902.65
MinimumVisualStudioVersion = 10.0.40219.1
Project("{FAE04EC0-301F-11D3-BF4B-00C04F79EFBC}") = "BingoGameSample", "BingoGameSample\BingoGameSample.csproj", "{3CA1CFF3-670F-45B7-877B-81B070D50323}"
EndProject
Global
	GlobalSection(SolutionConfigurationPlatforms) = preSolution
		Debug|Any CPU = Debug|Any CPU
		Release|Any CPU = Release|Any CPU
	EndGlobalSection
	GlobalSection(ProjectConfigurationPlatforms) = postSolution
		{3CA1CFF3-670F-45B7-877B-81B070D50323}.Debug|Any CPU.ActiveCfg = Debug|Any CPU
		{3CA1CFF3-670F-45B7-877B-81B070D50323}.Debug|Any CPU.Build.0 = Debug|Any CPU
		{3CA1CFF3-670F-45B7-877B-81B070D50323}.Release|Any CPU.ActiveCfg = Release|Any CPU
		{3CA1CFF3-670F-45B7-877B-81B070D50323}.Release|Any CPU.Build.0 = Release|Any CPU
	EndGlobalSection
	GlobalSection(SolutionProperties) = preSolution
		HideSolutionNode = FALSE
	EndGlobalSection
	GlobalSection(ExtensibilityGlobals) = postSolution
		SolutionGuid = {8A81730C-9FCA-43EC-AA3C-D454C66732EB}
	EndGlobalSection
EndGlobal
