
Microsoft Visual Studio Solution File, Format Version 12.00
# Visual Studio Version 17
VisualStudioVersion = 17.13.35919.96 d17.13
MinimumVisualStudioVersion = 10.0.40219.1
Project("{FAE04EC0-301F-11D3-BF4B-00C04F79EFBC}") = "WindowsFormsApp1", "WindowsFormsApp1\WindowsFormsApp1.csproj", "{A30B5DD6-0698-4C85-B1FD-1B19568DE080}"
EndProject
Global
	GlobalSection(SolutionConfigurationPlatforms) = preSolution
		Debug|Any CPU = Debug|Any CPU
		Release|Any CPU = Release|Any CPU
	EndGlobalSection
	GlobalSection(ProjectConfigurationPlatforms) = postSolution
		{A30B5DD6-0698-4C85-B1FD-1B19568DE080}.Debug|Any CPU.ActiveCfg = Debug|Any CPU
		{A30B5DD6-0698-4C85-B1FD-1B19568DE080}.Debug|Any CPU.Build.0 = Debug|Any CPU
		{A30B5DD6-0698-4C85-B1FD-1B19568DE080}.Release|Any CPU.ActiveCfg = Release|Any CPU
		{A30B5DD6-0698-4C85-B1FD-1B19568DE080}.Release|Any CPU.Build.0 = Release|Any CPU
	EndGlobalSection
	GlobalSection(SolutionProperties) = preSolution
		HideSolutionNode = FALSE
	EndGlobalSection
	GlobalSection(ExtensibilityGlobals) = postSolution
		SolutionGuid = {F158688A-ECA1-4171-B5C4-4312B6867745}
	EndGlobalSection
EndGlobal
