
Microsoft Visual Studio Solution File, Format Version 9.00
# Visual Studio 2005
Project("{8BC9CEB8-8B4A-11D0-8D11-00A0C91BC942}") = "Browse2", "Browse2.vcproj", "{A462FF7A-2469-4A9B-BBFD-E59290473BD2}"
EndProject
Global
	GlobalSection(SolutionConfigurationPlatforms) = preSolution
		Debug|Win32 = Debug|Win32
		Release|Win32 = Release|Win32
	EndGlobalSection
	GlobalSection(ProjectConfigurationPlatforms) = postSolution
		{A462FF7A-2469-4A9B-BBFD-E59290473BD2}.Debug|Win32.ActiveCfg = Debug|Win32
		{A462FF7A-2469-4A9B-BBFD-E59290473BD2}.Debug|Win32.Build.0 = Debug|Win32
		{A462FF7A-2469-4A9B-BBFD-E59290473BD2}.Release|Win32.ActiveCfg = Release|Win32
		{A462FF7A-2469-4A9B-BBFD-E59290473BD2}.Release|Win32.Build.0 = Release|Win32
	EndGlobalSection
	GlobalSection(SolutionProperties) = preSolution
		HideSolutionNode = FALSE
	EndGlobalSection
EndGlobal
