
Microsoft Visual Studio Solution File, Format Version 12.00
# Visual Studio Version 17
VisualStudioVersion = 17.13.35919.96 d17.13
MinimumVisualStudioVersion = 10.0.40219.1
Project("{FAE04EC0-301F-11D3-BF4B-00C04F79EFBC}") = "0428_WPF1", "0428_WPF1\0428_WPF1.csproj", "{2F7B5498-FC84-42DC-BD09-3F1C50C5D8E8}"
EndProject
Global
	GlobalSection(SolutionConfigurationPlatforms) = preSolution
		Debug|Any CPU = Debug|Any CPU
		Release|Any CPU = Release|Any CPU
	EndGlobalSection
	GlobalSection(ProjectConfigurationPlatforms) = postSolution
		{2F7B5498-FC84-42DC-BD09-3F1C50C5D8E8}.Debug|Any CPU.ActiveCfg = Debug|Any CPU
		{2F7B5498-FC84-42DC-BD09-3F1C50C5D8E8}.Debug|Any CPU.Build.0 = Debug|Any CPU
		{2F7B5498-FC84-42DC-BD09-3F1C50C5D8E8}.Release|Any CPU.ActiveCfg = Release|Any CPU
		{2F7B5498-FC84-42DC-BD09-3F1C50C5D8E8}.Release|Any CPU.Build.0 = Release|Any CPU
	EndGlobalSection
	GlobalSection(SolutionProperties) = preSolution
		HideSolutionNode = FALSE
	EndGlobalSection
	GlobalSection(ExtensibilityGlobals) = postSolution
		SolutionGuid = {6896AF78-4464-4A1F-ADC8-C8D3540B20CC}
	EndGlobalSection
EndGlobal
