
Microsoft Visual Studio Solution File, Format Version 9.00
# Visual Studio 2005
Project("{8BC9CEB8-8B4A-11D0-8D11-00A0C91BC942}") = "GrpBtn2Test", "GrpBtn2Test.vcproj", "{71C579BC-9230-4C2A-A8B5-74E44AB32744}"
EndProject
Global
	GlobalSection(SolutionConfigurationPlatforms) = preSolution
		Debug|Win32 = Debug|Win32
		Release|Win32 = Release|Win32
	EndGlobalSection
	GlobalSection(ProjectConfigurationPlatforms) = postSolution
		{71C579BC-9230-4C2A-A8B5-74E44AB32744}.Debug|Win32.ActiveCfg = Debug|Win32
		{71C579BC-9230-4C2A-A8B5-74E44AB32744}.Debug|Win32.Build.0 = Debug|Win32
		{71C579BC-9230-4C2A-A8B5-74E44AB32744}.Release|Win32.ActiveCfg = Release|Win32
		{71C579BC-9230-4C2A-A8B5-74E44AB32744}.Release|Win32.Build.0 = Release|Win32
	EndGlobalSection
	GlobalSection(SolutionProperties) = preSolution
		HideSolutionNode = FALSE
	EndGlobalSection
EndGlobal
