
Microsoft Visual Studio Solution File, Format Version 9.00
# Visual Studio 2005
Project("{8BC9CEB8-8B4A-11D0-8D11-00A0C91BC942}") = "Send1", "Send1\Send1.vcproj", "{D6325A9D-5971-4DFE-8FA8-18437715EA04}"
EndProject
Project("{8BC9CEB8-8B4A-11D0-8D11-00A0C91BC942}") = "Send2", "Send2\Send2.vcproj", "{EDB43446-AAA1-4486-9FEC-DE6CF3AA31C4}"
EndProject
Global
	GlobalSection(SolutionConfigurationPlatforms) = preSolution
		Debug|Win32 = Debug|Win32
		Release|Win32 = Release|Win32
	EndGlobalSection
	GlobalSection(ProjectConfigurationPlatforms) = postSolution
		{D6325A9D-5971-4DFE-8FA8-18437715EA04}.Debug|Win32.ActiveCfg = Debug|Win32
		{D6325A9D-5971-4DFE-8FA8-18437715EA04}.Debug|Win32.Build.0 = Debug|Win32
		{D6325A9D-5971-4DFE-8FA8-18437715EA04}.Release|Win32.ActiveCfg = Release|Win32
		{D6325A9D-5971-4DFE-8FA8-18437715EA04}.Release|Win32.Build.0 = Release|Win32
		{EDB43446-AAA1-4486-9FEC-DE6CF3AA31C4}.Debug|Win32.ActiveCfg = Debug|Win32
		{EDB43446-AAA1-4486-9FEC-DE6CF3AA31C4}.Debug|Win32.Build.0 = Debug|Win32
		{EDB43446-AAA1-4486-9FEC-DE6CF3AA31C4}.Release|Win32.ActiveCfg = Release|Win32
		{EDB43446-AAA1-4486-9FEC-DE6CF3AA31C4}.Release|Win32.Build.0 = Release|Win32
	EndGlobalSection
	GlobalSection(SolutionProperties) = preSolution
		HideSolutionNode = FALSE
	EndGlobalSection
EndGlobal
