
Microsoft Visual Studio Solution File, Format Version 9.00
# Visual Studio 2005
Project("{8BC9CEB8-8B4A-11D0-8D11-00A0C91BC942}") = "ChgCursor", "ChgCursor.vcproj", "{09B4C71B-53E7-43D8-9ED3-38F4B7115610}"
EndProject
Global
	GlobalSection(SolutionConfigurationPlatforms) = preSolution
		Debug|Win32 = Debug|Win32
		Release|Win32 = Release|Win32
	EndGlobalSection
	GlobalSection(ProjectConfigurationPlatforms) = postSolution
		{09B4C71B-53E7-43D8-9ED3-38F4B7115610}.Debug|Win32.ActiveCfg = Debug|Win32
		{09B4C71B-53E7-43D8-9ED3-38F4B7115610}.Debug|Win32.Build.0 = Debug|Win32
		{09B4C71B-53E7-43D8-9ED3-38F4B7115610}.Release|Win32.ActiveCfg = Release|Win32
		{09B4C71B-53E7-43D8-9ED3-38F4B7115610}.Release|Win32.Build.0 = Release|Win32
	EndGlobalSection
	GlobalSection(SolutionProperties) = preSolution
		HideSolutionNode = FALSE
	EndGlobalSection
EndGlobal
