
Microsoft Visual Studio Solution File, Format Version 9.00
# Visual Studio 2005
Project("{8BC9CEB8-8B4A-11D0-8D11-00A0C91BC942}") = "MoveCaret", "MoveCaret.vcproj", "{1094E958-7CF9-47A9-A1B0-441286DA0CEE}"
EndProject
Global
	GlobalSection(SolutionConfigurationPlatforms) = preSolution
		Debug|Win32 = Debug|Win32
		Release|Win32 = Release|Win32
	EndGlobalSection
	GlobalSection(ProjectConfigurationPlatforms) = postSolution
		{1094E958-7CF9-47A9-A1B0-441286DA0CEE}.Debug|Win32.ActiveCfg = Debug|Win32
		{1094E958-7CF9-47A9-A1B0-441286DA0CEE}.Debug|Win32.Build.0 = Debug|Win32
		{1094E958-7CF9-47A9-A1B0-441286DA0CEE}.Release|Win32.ActiveCfg = Release|Win32
		{1094E958-7CF9-47A9-A1B0-441286DA0CEE}.Release|Win32.Build.0 = Release|Win32
	EndGlobalSection
	GlobalSection(SolutionProperties) = preSolution
		HideSolutionNode = FALSE
	EndGlobalSection
EndGlobal
