
Microsoft Visual Studio Solution File, Format Version 12.00
# Visual Studio Version 17
VisualStudioVersion = 17.13.35919.96 d17.13
MinimumVisualStudioVersion = 10.0.40219.1
Project("{FAE04EC0-301F-11D3-BF4B-00C04F79EFBC}") = "0428_오후실습", "0428_오후실습\0428_오후실습.csproj", "{256E1E9A-B98E-4D41-8FF9-7F1A34D10446}"
EndProject
Global
	GlobalSection(SolutionConfigurationPlatforms) = preSolution
		Debug|Any CPU = Debug|Any CPU
		Release|Any CPU = Release|Any CPU
	EndGlobalSection
	GlobalSection(ProjectConfigurationPlatforms) = postSolution
		{256E1E9A-B98E-4D41-8FF9-7F1A34D10446}.Debug|Any CPU.ActiveCfg = Debug|Any CPU
		{256E1E9A-B98E-4D41-8FF9-7F1A34D10446}.Debug|Any CPU.Build.0 = Debug|Any CPU
		{256E1E9A-B98E-4D41-8FF9-7F1A34D10446}.Release|Any CPU.ActiveCfg = Release|Any CPU
		{256E1E9A-B98E-4D41-8FF9-7F1A34D10446}.Release|Any CPU.Build.0 = Release|Any CPU
	EndGlobalSection
	GlobalSection(SolutionProperties) = preSolution
		HideSolutionNode = FALSE
	EndGlobalSection
	GlobalSection(ExtensibilityGlobals) = postSolution
		SolutionGuid = {EF6F2C02-297A-49FF-86E2-19B77F27A001}
	EndGlobalSection
EndGlobal
