
Microsoft Visual Studio Solution File, Format Version 12.00
# Visual Studio Version 17
VisualStudioVersion = 17.13.35919.96 d17.13
MinimumVisualStudioVersion = 10.0.40219.1
Project("{FAE04EC0-301F-11D3-BF4B-00C04F79EFBC}") = "Word_Quiz", "Word_Quiz\Word_Quiz.csproj", "{DF7DE9EC-3F22-4FA7-A549-69592CA99344}"
EndProject
Global
	GlobalSection(SolutionConfigurationPlatforms) = preSolution
		Debug|Any CPU = Debug|Any CPU
		Release|Any CPU = Release|Any CPU
	EndGlobalSection
	GlobalSection(ProjectConfigurationPlatforms) = postSolution
		{DF7DE9EC-3F22-4FA7-A549-69592CA99344}.Debug|Any CPU.ActiveCfg = Debug|Any CPU
		{DF7DE9EC-3F22-4FA7-A549-69592CA99344}.Debug|Any CPU.Build.0 = Debug|Any CPU
		{DF7DE9EC-3F22-4FA7-A549-69592CA99344}.Release|Any CPU.ActiveCfg = Release|Any CPU
		{DF7DE9EC-3F22-4FA7-A549-69592CA99344}.Release|Any CPU.Build.0 = Release|Any CPU
	EndGlobalSection
	GlobalSection(SolutionProperties) = preSolution
		HideSolutionNode = FALSE
	EndGlobalSection
	GlobalSection(ExtensibilityGlobals) = postSolution
		SolutionGuid = {4AC90434-F788-47B9-A1A8-35B2D7523FA1}
	EndGlobalSection
EndGlobal
