
Microsoft Visual Studio Solution File, Format Version 9.00
# Visual Studio 2005
Project("{8BC9CEB8-8B4A-11D0-8D11-00A0C91BC942}") = "ProcA", "ProcA\ProcA.vcproj", "{FD22B284-3AB1-457F-98B1-F5B8021DE611}"
EndProject
Project("{8BC9CEB8-8B4A-11D0-8D11-00A0C91BC942}") = "ProcB", "ProcB\ProcB.vcproj", "{CEAE78AE-4D45-4DE5-9895-54D4A5924CBD}"
EndProject
Global
	GlobalSection(SolutionConfigurationPlatforms) = preSolution
		Debug|Win32 = Debug|Win32
		Release|Win32 = Release|Win32
	EndGlobalSection
	GlobalSection(ProjectConfigurationPlatforms) = postSolution
		{FD22B284-3AB1-457F-98B1-F5B8021DE611}.Debug|Win32.ActiveCfg = Debug|Win32
		{FD22B284-3AB1-457F-98B1-F5B8021DE611}.Debug|Win32.Build.0 = Debug|Win32
		{FD22B284-3AB1-457F-98B1-F5B8021DE611}.Release|Win32.ActiveCfg = Release|Win32
		{FD22B284-3AB1-457F-98B1-F5B8021DE611}.Release|Win32.Build.0 = Release|Win32
		{CEAE78AE-4D45-4DE5-9895-54D4A5924CBD}.Debug|Win32.ActiveCfg = Debug|Win32
		{CEAE78AE-4D45-4DE5-9895-54D4A5924CBD}.Debug|Win32.Build.0 = Debug|Win32
		{CEAE78AE-4D45-4DE5-9895-54D4A5924CBD}.Release|Win32.ActiveCfg = Release|Win32
		{CEAE78AE-4D45-4DE5-9895-54D4A5924CBD}.Release|Win32.Build.0 = Release|Win32
	EndGlobalSection
	GlobalSection(SolutionProperties) = preSolution
		HideSolutionNode = FALSE
	EndGlobalSection
EndGlobal
