
Microsoft Visual Studio Solution File, Format Version 9.00
# Visual Studio 2005
Project("{8BC9CEB8-8B4A-11D0-8D11-00A0C91BC942}") = "BigMemory", "BigMemory.vcproj", "{8035271B-F745-4366-B6CC-5DE7B8648F6E}"
EndProject
Global
	GlobalSection(SolutionConfigurationPlatforms) = preSolution
		Debug|Win32 = Debug|Win32
		Release|Win32 = Release|Win32
	EndGlobalSection
	GlobalSection(ProjectConfigurationPlatforms) = postSolution
		{8035271B-F745-4366-B6CC-5DE7B8648F6E}.Debug|Win32.ActiveCfg = Debug|Win32
		{8035271B-F745-4366-B6CC-5DE7B8648F6E}.Debug|Win32.Build.0 = Debug|Win32
		{8035271B-F745-4366-B6CC-5DE7B8648F6E}.Release|Win32.ActiveCfg = Release|Win32
		{8035271B-F745-4366-B6CC-5DE7B8648F6E}.Release|Win32.Build.0 = Release|Win32
	EndGlobalSection
	GlobalSection(SolutionProperties) = preSolution
		HideSolutionNode = FALSE
	EndGlobalSection
EndGlobal
