
Microsoft Visual Studio Solution File, Format Version 9.00
# Visual Studio 2005
Project("{8BC9CEB8-8B4A-11D0-8D11-00A0C91BC942}") = "ScrnSave1", "ScrnSave1.vcproj", "{C2D01111-0DED-4C99-8576-91730152B38A}"
EndProject
Global
	GlobalSection(SolutionConfigurationPlatforms) = preSolution
		Debug|Win32 = Debug|Win32
		Release|Win32 = Release|Win32
	EndGlobalSection
	GlobalSection(ProjectConfigurationPlatforms) = postSolution
		{C2D01111-0DED-4C99-8576-91730152B38A}.Debug|Win32.ActiveCfg = Debug|Win32
		{C2D01111-0DED-4C99-8576-91730152B38A}.Debug|Win32.Build.0 = Debug|Win32
		{C2D01111-0DED-4C99-8576-91730152B38A}.Release|Win32.ActiveCfg = Release|Win32
		{C2D01111-0DED-4C99-8576-91730152B38A}.Release|Win32.Build.0 = Release|Win32
	EndGlobalSection
	GlobalSection(SolutionProperties) = preSolution
		HideSolutionNode = FALSE
	EndGlobalSection
EndGlobal
