
Microsoft Visual Studio Solution File, Format Version 9.00
# Visual Studio 2005
Project("{8BC9CEB8-8B4A-11D0-8D11-00A0C91BC942}") = "VMemA", "VMemA\VMemA.vcproj", "{BC17920A-BA1C-452A-BC6C-26BC1B921656}"
EndProject
Project("{8BC9CEB8-8B4A-11D0-8D11-00A0C91BC942}") = "VMemB", "VMemB\VMemB.vcproj", "{E3666ADC-D705-49E0-BBCC-DAC702341442}"
EndProject
Global
	GlobalSection(SolutionConfigurationPlatforms) = preSolution
		Debug|Win32 = Debug|Win32
		Release|Win32 = Release|Win32
	EndGlobalSection
	GlobalSection(ProjectConfigurationPlatforms) = postSolution
		{BC17920A-BA1C-452A-BC6C-26BC1B921656}.Debug|Win32.ActiveCfg = Debug|Win32
		{BC17920A-BA1C-452A-BC6C-26BC1B921656}.Debug|Win32.Build.0 = Debug|Win32
		{BC17920A-BA1C-452A-BC6C-26BC1B921656}.Release|Win32.ActiveCfg = Release|Win32
		{BC17920A-BA1C-452A-BC6C-26BC1B921656}.Release|Win32.Build.0 = Release|Win32
		{E3666ADC-D705-49E0-BBCC-DAC702341442}.Debug|Win32.ActiveCfg = Debug|Win32
		{E3666ADC-D705-49E0-BBCC-DAC702341442}.Debug|Win32.Build.0 = Debug|Win32
		{E3666ADC-D705-49E0-BBCC-DAC702341442}.Release|Win32.ActiveCfg = Release|Win32
		{E3666ADC-D705-49E0-BBCC-DAC702341442}.Release|Win32.Build.0 = Release|Win32
	EndGlobalSection
	GlobalSection(SolutionProperties) = preSolution
		HideSolutionNode = FALSE
	EndGlobalSection
EndGlobal
