
Microsoft Visual Studio Solution File, Format Version 12.00
# Visual Studio Version 17
VisualStudioVersion = 17.13.35919.96 d17.13
MinimumVisualStudioVersion = 10.0.40219.1
Project("{FAE04EC0-301F-11D3-BF4B-00C04F79EFBC}") = "0507_PictureClient", "0507_PictureClient\0507_PictureClient.csproj", "{919CCC04-0234-4101-8790-8113B93270EF}"
EndProject
Global
	GlobalSection(SolutionConfigurationPlatforms) = preSolution
		Debug|Any CPU = Debug|Any CPU
		Release|Any CPU = Release|Any CPU
	EndGlobalSection
	GlobalSection(ProjectConfigurationPlatforms) = postSolution
		{919CCC04-0234-4101-8790-8113B93270EF}.Debug|Any CPU.ActiveCfg = Debug|Any CPU
		{919CCC04-0234-4101-8790-8113B93270EF}.Debug|Any CPU.Build.0 = Debug|Any CPU
		{919CCC04-0234-4101-8790-8113B93270EF}.Release|Any CPU.ActiveCfg = Release|Any CPU
		{919CCC04-0234-4101-8790-8113B93270EF}.Release|Any CPU.Build.0 = Release|Any CPU
	EndGlobalSection
	GlobalSection(SolutionProperties) = preSolution
		HideSolutionNode = FALSE
	EndGlobalSection
	GlobalSection(ExtensibilityGlobals) = postSolution
		SolutionGuid = {CC6167A3-CADA-4FFC-8D1E-D5C2AD05D507}
	EndGlobalSection
EndGlobal
