
Microsoft Visual Studio Solution File, Format Version 12.00
# Visual Studio Version 17
VisualStudioVersion = 17.13.35919.96 d17.13
MinimumVisualStudioVersion = 10.0.40219.1
Project("{FAE04EC0-301F-11D3-BF4B-00C04F79EFBC}") = "관리프로그램Vol.2", "관리프로그램Vol.2\관리프로그램Vol.2.csproj", "{A7B85D42-D39E-4530-B5D5-7131D5AD70DA}"
EndProject
Global
	GlobalSection(SolutionConfigurationPlatforms) = preSolution
		Debug|Any CPU = Debug|Any CPU
		Release|Any CPU = Release|Any CPU
	EndGlobalSection
	GlobalSection(ProjectConfigurationPlatforms) = postSolution
		{A7B85D42-D39E-4530-B5D5-7131D5AD70DA}.Debug|Any CPU.ActiveCfg = Debug|Any CPU
		{A7B85D42-D39E-4530-B5D5-7131D5AD70DA}.Debug|Any CPU.Build.0 = Debug|Any CPU
		{A7B85D42-D39E-4530-B5D5-7131D5AD70DA}.Release|Any CPU.ActiveCfg = Release|Any CPU
		{A7B85D42-D39E-4530-B5D5-7131D5AD70DA}.Release|Any CPU.Build.0 = Release|Any CPU
	EndGlobalSection
	GlobalSection(SolutionProperties) = preSolution
		HideSolutionNode = FALSE
	EndGlobalSection
	GlobalSection(ExtensibilityGlobals) = postSolution
		SolutionGuid = {972E6F62-F5F4-414C-BC91-AD6AB1A5F4C4}
	EndGlobalSection
EndGlobal
