
Microsoft Visual Studio Solution File, Format Version 9.00
# Visual Studio 2005
Project("{8BC9CEB8-8B4A-11D0-8D11-00A0C91BC942}") = "ODBCApi2", "ODBCApi2.vcproj", "{CEC686DD-F430-4262-A814-F8D244605DAD}"
EndProject
Global
	GlobalSection(SolutionConfigurationPlatforms) = preSolution
		Debug|Win32 = Debug|Win32
		Release|Win32 = Release|Win32
	EndGlobalSection
	GlobalSection(ProjectConfigurationPlatforms) = postSolution
		{CEC686DD-F430-4262-A814-F8D244605DAD}.Debug|Win32.ActiveCfg = Debug|Win32
		{CEC686DD-F430-4262-A814-F8D244605DAD}.Debug|Win32.Build.0 = Debug|Win32
		{CEC686DD-F430-4262-A814-F8D244605DAD}.Release|Win32.ActiveCfg = Release|Win32
		{CEC686DD-F430-4262-A814-F8D244605DAD}.Release|Win32.Build.0 = Release|Win32
	EndGlobalSection
	GlobalSection(SolutionProperties) = preSolution
		HideSolutionNode = FALSE
	EndGlobalSection
EndGlobal
