
Microsoft Visual Studio Solution File, Format Version 9.00
# Visual Studio 2005
Project("{8BC9CEB8-8B4A-11D0-8D11-00A0C91BC942}") = "SHFileOperation", "SHFileOperation.vcproj", "{97E9DA44-6C85-4D7B-86D0-6C3338979340}"
EndProject
Global
	GlobalSection(SolutionConfigurationPlatforms) = preSolution
		Debug|Win32 = Debug|Win32
		Release|Win32 = Release|Win32
	EndGlobalSection
	GlobalSection(ProjectConfigurationPlatforms) = postSolution
		{97E9DA44-6C85-4D7B-86D0-6C3338979340}.Debug|Win32.ActiveCfg = Debug|Win32
		{97E9DA44-6C85-4D7B-86D0-6C3338979340}.Debug|Win32.Build.0 = Debug|Win32
		{97E9DA44-6C85-4D7B-86D0-6C3338979340}.Release|Win32.ActiveCfg = Release|Win32
		{97E9DA44-6C85-4D7B-86D0-6C3338979340}.Release|Win32.Build.0 = Release|Win32
	EndGlobalSection
	GlobalSection(SolutionProperties) = preSolution
		HideSolutionNode = FALSE
	EndGlobalSection
EndGlobal
