
Microsoft Visual Studio Solution File, Format Version 9.00
# Visual Studio 2005
Project("{8BC9CEB8-8B4A-11D0-8D11-00A0C91BC942}") = "AwPrj", "AwPrj.vcproj", "{5F644161-1856-4A1E-A02A-58212F6636EB}"
EndProject
Global
	GlobalSection(SolutionConfigurationPlatforms) = preSolution
		Debug|Win32 = Debug|Win32
		Release|Win32 = Release|Win32
	EndGlobalSection
	GlobalSection(ProjectConfigurationPlatforms) = postSolution
		{5F644161-1856-4A1E-A02A-58212F6636EB}.Debug|Win32.ActiveCfg = Debug|Win32
		{5F644161-1856-4A1E-A02A-58212F6636EB}.Debug|Win32.Build.0 = Debug|Win32
		{5F644161-1856-4A1E-A02A-58212F6636EB}.Release|Win32.ActiveCfg = Release|Win32
		{5F644161-1856-4A1E-A02A-58212F6636EB}.Release|Win32.Build.0 = Release|Win32
	EndGlobalSection
	GlobalSection(SolutionProperties) = preSolution
		HideSolutionNode = FALSE
	EndGlobalSection
EndGlobal
