
Microsoft Visual Studio Solution File, Format Version 9.00
# Visual Studio 2005
Project("{8BC9CEB8-8B4A-11D0-8D11-00A0C91BC942}") = "CheckRunningTime", "CheckRunningTime.vcproj", "{4A6DDA9A-F3A7-42E5-A47F-52F26E0FE7B5}"
EndProject
Global
	GlobalSection(SolutionConfigurationPlatforms) = preSolution
		Debug|Win32 = Debug|Win32
		Release|Win32 = Release|Win32
	EndGlobalSection
	GlobalSection(ProjectConfigurationPlatforms) = postSolution
		{4A6DDA9A-F3A7-42E5-A47F-52F26E0FE7B5}.Debug|Win32.ActiveCfg = Debug|Win32
		{4A6DDA9A-F3A7-42E5-A47F-52F26E0FE7B5}.Debug|Win32.Build.0 = Debug|Win32
		{4A6DDA9A-F3A7-42E5-A47F-52F26E0FE7B5}.Release|Win32.ActiveCfg = Release|Win32
		{4A6DDA9A-F3A7-42E5-A47F-52F26E0FE7B5}.Release|Win32.Build.0 = Release|Win32
	EndGlobalSection
	GlobalSection(SolutionProperties) = preSolution
		HideSolutionNode = FALSE
	EndGlobalSection
EndGlobal
