
Microsoft Visual Studio Solution File, Format Version 9.00
# Visual Studio 2005
Project("{8BC9CEB8-8B4A-11D0-8D11-00A0C91BC942}") = "ChangeNoti", "ChangeNoti.vcproj", "{16CA15F7-4940-4EE0-9A1B-8F1A35B8AB79}"
EndProject
Global
	GlobalSection(SolutionConfigurationPlatforms) = preSolution
		Debug|Win32 = Debug|Win32
		Release|Win32 = Release|Win32
	EndGlobalSection
	GlobalSection(ProjectConfigurationPlatforms) = postSolution
		{16CA15F7-4940-4EE0-9A1B-8F1A35B8AB79}.Debug|Win32.ActiveCfg = Debug|Win32
		{16CA15F7-4940-4EE0-9A1B-8F1A35B8AB79}.Debug|Win32.Build.0 = Debug|Win32
		{16CA15F7-4940-4EE0-9A1B-8F1A35B8AB79}.Release|Win32.ActiveCfg = Release|Win32
		{16CA15F7-4940-4EE0-9A1B-8F1A35B8AB79}.Release|Win32.Build.0 = Release|Win32
	EndGlobalSection
	GlobalSection(SolutionProperties) = preSolution
		HideSolutionNode = FALSE
	EndGlobalSection
EndGlobal
