
Microsoft Visual Studio Solution File, Format Version 12.00
# Visual Studio Version 17
VisualStudioVersion = 17.13.35919.96 d17.13
MinimumVisualStudioVersion = 10.0.40219.1
Project("{FAE04EC0-301F-11D3-BF4B-00C04F79EFBC}") = "0422_WinFrorm", "0422_WinFrorm\0422_WinFrorm.csproj", "{60F9BDCE-C7ED-43E8-B4BD-809F6594A133}"
EndProject
Global
	GlobalSection(SolutionConfigurationPlatforms) = preSolution
		Debug|Any CPU = Debug|Any CPU
		Release|Any CPU = Release|Any CPU
	EndGlobalSection
	GlobalSection(ProjectConfigurationPlatforms) = postSolution
		{60F9BDCE-C7ED-43E8-B4BD-809F6594A133}.Debug|Any CPU.ActiveCfg = Debug|Any CPU
		{60F9BDCE-C7ED-43E8-B4BD-809F6594A133}.Debug|Any CPU.Build.0 = Debug|Any CPU
		{60F9BDCE-C7ED-43E8-B4BD-809F6594A133}.Release|Any CPU.ActiveCfg = Release|Any CPU
		{60F9BDCE-C7ED-43E8-B4BD-809F6594A133}.Release|Any CPU.Build.0 = Release|Any CPU
	EndGlobalSection
	GlobalSection(SolutionProperties) = preSolution
		HideSolutionNode = FALSE
	EndGlobalSection
	GlobalSection(ExtensibilityGlobals) = postSolution
		SolutionGuid = {01C3D88F-6254-4E23-8F5F-A3870F861C5B}
	EndGlobalSection
EndGlobal
