
Microsoft Visual Studio Solution File, Format Version 9.00
# Visual Studio 2005
Project("{8BC9CEB8-8B4A-11D0-8D11-00A0C91BC942}") = "FreeSpace", "FreeSpace.vcproj", "{C119A866-4DDC-4A34-B6F3-8EA45BCDB510}"
EndProject
Global
	GlobalSection(SolutionConfigurationPlatforms) = preSolution
		Debug|Win32 = Debug|Win32
		Release|Win32 = Release|Win32
	EndGlobalSection
	GlobalSection(ProjectConfigurationPlatforms) = postSolution
		{C119A866-4DDC-4A34-B6F3-8EA45BCDB510}.Debug|Win32.ActiveCfg = Debug|Win32
		{C119A866-4DDC-4A34-B6F3-8EA45BCDB510}.Debug|Win32.Build.0 = Debug|Win32
		{C119A866-4DDC-4A34-B6F3-8EA45BCDB510}.Release|Win32.ActiveCfg = Release|Win32
		{C119A866-4DDC-4A34-B6F3-8EA45BCDB510}.Release|Win32.Build.0 = Release|Win32
	EndGlobalSection
	GlobalSection(SolutionProperties) = preSolution
		HideSolutionNode = FALSE
	EndGlobalSection
EndGlobal
