
Microsoft Visual Studio Solution File, Format Version 12.00
# Visual Studio Version 17
VisualStudioVersion = 17.13.35919.96 d17.13
MinimumVisualStudioVersion = 10.0.40219.1
Project("{FAE04EC0-301F-11D3-BF4B-00C04F79EFBC}") = "0508_Book_Service", "0508_Book_Service\0508_Book_Service.csproj", "{8D065E40-6FFF-49C5-B3D7-E2D728D52F16}"
EndProject
Global
	GlobalSection(SolutionConfigurationPlatforms) = preSolution
		Debug|Any CPU = Debug|Any CPU
		Release|Any CPU = Release|Any CPU
	EndGlobalSection
	GlobalSection(ProjectConfigurationPlatforms) = postSolution
		{8D065E40-6FFF-49C5-B3D7-E2D728D52F16}.Debug|Any CPU.ActiveCfg = Debug|Any CPU
		{8D065E40-6FFF-49C5-B3D7-E2D728D52F16}.Debug|Any CPU.Build.0 = Debug|Any CPU
		{8D065E40-6FFF-49C5-B3D7-E2D728D52F16}.Release|Any CPU.ActiveCfg = Release|Any CPU
		{8D065E40-6FFF-49C5-B3D7-E2D728D52F16}.Release|Any CPU.Build.0 = Release|Any CPU
	EndGlobalSection
	GlobalSection(SolutionProperties) = preSolution
		HideSolutionNode = FALSE
	EndGlobalSection
	GlobalSection(ExtensibilityGlobals) = postSolution
		SolutionGuid = {68F014F7-3825-44ED-8747-270967AFE020}
	EndGlobalSection
EndGlobal
