
Microsoft Visual Studio Solution File, Format Version 9.00
# Visual Studio 2005
Project("{8BC9CEB8-8B4A-11D0-8D11-00A0C91BC942}") = "TextMetric", "TextMetric.vcproj", "{8107F7E0-2C7F-402E-90FB-B26D94EEFFAB}"
EndProject
Global
	GlobalSection(SolutionConfigurationPlatforms) = preSolution
		Debug|Win32 = Debug|Win32
		Release|Win32 = Release|Win32
	EndGlobalSection
	GlobalSection(ProjectConfigurationPlatforms) = postSolution
		{8107F7E0-2C7F-402E-90FB-B26D94EEFFAB}.Debug|Win32.ActiveCfg = Debug|Win32
		{8107F7E0-2C7F-402E-90FB-B26D94EEFFAB}.Debug|Win32.Build.0 = Debug|Win32
		{8107F7E0-2C7F-402E-90FB-B26D94EEFFAB}.Release|Win32.ActiveCfg = Release|Win32
		{8107F7E0-2C7F-402E-90FB-B26D94EEFFAB}.Release|Win32.Build.0 = Release|Win32
	EndGlobalSection
	GlobalSection(SolutionProperties) = preSolution
		HideSolutionNode = FALSE
	EndGlobalSection
EndGlobal
