
Microsoft Visual Studio Solution File, Format Version 9.00
# Visual Studio 2005
Project("{8BC9CEB8-8B4A-11D0-8D11-00A0C91BC942}") = "ScrRect", "ScrRect.vcproj", "{826B3FF7-2B1B-43D9-AF60-F41CD06371DB}"
EndProject
Global
	GlobalSection(SolutionConfigurationPlatforms) = preSolution
		Debug|Win32 = Debug|Win32
		Release|Win32 = Release|Win32
	EndGlobalSection
	GlobalSection(ProjectConfigurationPlatforms) = postSolution
		{826B3FF7-2B1B-43D9-AF60-F41CD06371DB}.Debug|Win32.ActiveCfg = Debug|Win32
		{826B3FF7-2B1B-43D9-AF60-F41CD06371DB}.Debug|Win32.Build.0 = Debug|Win32
		{826B3FF7-2B1B-43D9-AF60-F41CD06371DB}.Release|Win32.ActiveCfg = Release|Win32
		{826B3FF7-2B1B-43D9-AF60-F41CD06371DB}.Release|Win32.Build.0 = Release|Win32
	EndGlobalSection
	GlobalSection(SolutionProperties) = preSolution
		HideSolutionNode = FALSE
	EndGlobalSection
EndGlobal
